
Microsoft Visual Studio Solution File, Format Version 12.00
# Visual Studio 2012
Project("{FAE04EC0-301F-11D3-BF4B-00C04F79EFBC}") = "CustomMalUpdater", "CustomMalUpdater\CustomMalUpdater.csproj", "{E328BD32-E033-4C51-9441-349CD2D4336F}"
EndProject
Project("{FAE04EC0-301F-11D3-BF4B-00C04F79EFBC}") = "UtilityDomain", "UtilityPOCOs\UtilityDomain.csproj", "{0C11742D-23E9-4A5B-A4CA-A4E08E38E6BC}"
EndProject
Project("{FAE04EC0-301F-11D3-BF4B-00C04F79EFBC}") = "CustomMalUpdaterDomain", "CustomMalUpdaterPOCOs\CustomMalUpdaterDomain.csproj", "{A2BA3B85-3D2E-4DE5-B20F-E914C776933F}"
EndProject
Project("{FAE04EC0-301F-11D3-BF4B-00C04F79EFBC}") = "UtilityImplementations", "UtilityImplementations\UtilityImplementations.csproj", "{A3F645EB-DFCA-46D4-A7A1-D1A4CEEC5551}"
EndProject
Project("{FAE04EC0-301F-11D3-BF4B-00C04F79EFBC}") = "CustomMalUpdaterDatalayer", "CustomMalUpdaterDatalayer\CustomMalUpdaterDatalayer.csproj", "{96106CDF-560F-4B4B-B359-73CB1CFE45E0}"
EndProject
Project("{FAE04EC0-301F-11D3-BF4B-00C04F79EFBC}") = "CustomMalUpdaterWPF", "CustomMalUpdaterWPF\CustomMalUpdaterWPF.csproj", "{9925BF00-ECEE-48D6-B486-C5D971CD6386}"
EndProject
Project("{FAE04EC0-301F-11D3-BF4B-00C04F79EFBC}") = "CustomMalUpdaterServices", "CustomMalUpdaterServices\CustomMalUpdaterServices.csproj", "{C519FE63-9C09-47EF-88F4-408A409F3AAD}"
EndProject
Global
	GlobalSection(SolutionConfigurationPlatforms) = preSolution
		Debug|Any CPU = Debug|Any CPU
		Release|Any CPU = Release|Any CPU
	EndGlobalSection
	GlobalSection(ProjectConfigurationPlatforms) = postSolution
		{E328BD32-E033-4C51-9441-349CD2D4336F}.Debug|Any CPU.ActiveCfg = Debug|Any CPU
		{E328BD32-E033-4C51-9441-349CD2D4336F}.Debug|Any CPU.Build.0 = Debug|Any CPU
		{E328BD32-E033-4C51-9441-349CD2D4336F}.Release|Any CPU.ActiveCfg = Release|Any CPU
		{E328BD32-E033-4C51-9441-349CD2D4336F}.Release|Any CPU.Build.0 = Release|Any CPU
		{0C11742D-23E9-4A5B-A4CA-A4E08E38E6BC}.Debug|Any CPU.ActiveCfg = Debug|Any CPU
		{0C11742D-23E9-4A5B-A4CA-A4E08E38E6BC}.Debug|Any CPU.Build.0 = Debug|Any CPU
		{0C11742D-23E9-4A5B-A4CA-A4E08E38E6BC}.Release|Any CPU.ActiveCfg = Release|Any CPU
		{0C11742D-23E9-4A5B-A4CA-A4E08E38E6BC}.Release|Any CPU.Build.0 = Release|Any CPU
		{A2BA3B85-3D2E-4DE5-B20F-E914C776933F}.Debug|Any CPU.ActiveCfg = Debug|Any CPU
		{A2BA3B85-3D2E-4DE5-B20F-E914C776933F}.Debug|Any CPU.Build.0 = Debug|Any CPU
		{A2BA3B85-3D2E-4DE5-B20F-E914C776933F}.Release|Any CPU.ActiveCfg = Release|Any CPU
		{A2BA3B85-3D2E-4DE5-B20F-E914C776933F}.Release|Any CPU.Build.0 = Release|Any CPU
		{A3F645EB-DFCA-46D4-A7A1-D1A4CEEC5551}.Debug|Any CPU.ActiveCfg = Debug|Any CPU
		{A3F645EB-DFCA-46D4-A7A1-D1A4CEEC5551}.Debug|Any CPU.Build.0 = Debug|Any CPU
		{A3F645EB-DFCA-46D4-A7A1-D1A4CEEC5551}.Release|Any CPU.ActiveCfg = Release|Any CPU
		{A3F645EB-DFCA-46D4-A7A1-D1A4CEEC5551}.Release|Any CPU.Build.0 = Release|Any CPU
		{96106CDF-560F-4B4B-B359-73CB1CFE45E0}.Debug|Any CPU.ActiveCfg = Debug|Any CPU
		{96106CDF-560F-4B4B-B359-73CB1CFE45E0}.Debug|Any CPU.Build.0 = Debug|Any CPU
		{96106CDF-560F-4B4B-B359-73CB1CFE45E0}.Release|Any CPU.ActiveCfg = Release|Any CPU
		{96106CDF-560F-4B4B-B359-73CB1CFE45E0}.Release|Any CPU.Build.0 = Release|Any CPU
		{9925BF00-ECEE-48D6-B486-C5D971CD6386}.Debug|Any CPU.ActiveCfg = Debug|Any CPU
		{9925BF00-ECEE-48D6-B486-C5D971CD6386}.Debug|Any CPU.Build.0 = Debug|Any CPU
		{9925BF00-ECEE-48D6-B486-C5D971CD6386}.Release|Any CPU.ActiveCfg = Release|Any CPU
		{9925BF00-ECEE-48D6-B486-C5D971CD6386}.Release|Any CPU.Build.0 = Release|Any CPU
		{C519FE63-9C09-47EF-88F4-408A409F3AAD}.Debug|Any CPU.ActiveCfg = Debug|Any CPU
		{C519FE63-9C09-47EF-88F4-408A409F3AAD}.Debug|Any CPU.Build.0 = Debug|Any CPU
		{C519FE63-9C09-47EF-88F4-408A409F3AAD}.Release|Any CPU.ActiveCfg = Release|Any CPU
		{C519FE63-9C09-47EF-88F4-408A409F3AAD}.Release|Any CPU.Build.0 = Release|Any CPU
	EndGlobalSection
	GlobalSection(SolutionProperties) = preSolution
		HideSolutionNode = FALSE
	EndGlobalSection
EndGlobal
